
Microsoft Visual Studio Solution File, Format Version 12.00
# Visual Studio Version 16
VisualStudioVersion = 16.0.30711.63
MinimumVisualStudioVersion = 10.0.40219.1
Project("{8BC9CEB8-8B4A-11D0-8D11-00A0C91BC942}") = "Lab-work-5", "Lab-work-5\Lab-work-5.vcxproj", "{E281EB38-C709-4F39-BFF9-8B054337993C}"
EndProject
Project("{8BC9CEB8-8B4A-11D0-8D11-00A0C91BC942}") = "Lab-work-5-tests", "Lab-work-5-tests\Lab-work-5-tests.vcxproj", "{C0CB3616-ED4C-4818-9ACF-C6B74BD789A7}"
EndProject
Global
	GlobalSection(SolutionConfigurationPlatforms) = preSolution
		Debug|x64 = Debug|x64
		Debug|x86 = Debug|x86
		Release|x64 = Release|x64
		Release|x86 = Release|x86
	EndGlobalSection
	GlobalSection(ProjectConfigurationPlatforms) = postSolution
		{E281EB38-C709-4F39-BFF9-8B054337993C}.Debug|x64.ActiveCfg = Debug|x64
		{E281EB38-C709-4F39-BFF9-8B054337993C}.Debug|x64.Build.0 = Debug|x64
		{E281EB38-C709-4F39-BFF9-8B054337993C}.Debug|x86.ActiveCfg = Debug|Win32
		{E281EB38-C709-4F39-BFF9-8B054337993C}.Debug|x86.Build.0 = Debug|Win32
		{E281EB38-C709-4F39-BFF9-8B054337993C}.Release|x64.ActiveCfg = Release|x64
		{E281EB38-C709-4F39-BFF9-8B054337993C}.Release|x64.Build.0 = Release|x64
		{E281EB38-C709-4F39-BFF9-8B054337993C}.Release|x86.ActiveCfg = Release|Win32
		{E281EB38-C709-4F39-BFF9-8B054337993C}.Release|x86.Build.0 = Release|Win32
		{C0CB3616-ED4C-4818-9ACF-C6B74BD789A7}.Debug|x64.ActiveCfg = Debug|x64
		{C0CB3616-ED4C-4818-9ACF-C6B74BD789A7}.Debug|x64.Build.0 = Debug|x64
		{C0CB3616-ED4C-4818-9ACF-C6B74BD789A7}.Debug|x86.ActiveCfg = Debug|Win32
		{C0CB3616-ED4C-4818-9ACF-C6B74BD789A7}.Debug|x86.Build.0 = Debug|Win32
		{C0CB3616-ED4C-4818-9ACF-C6B74BD789A7}.Release|x64.ActiveCfg = Release|x64
		{C0CB3616-ED4C-4818-9ACF-C6B74BD789A7}.Release|x64.Build.0 = Release|x64
		{C0CB3616-ED4C-4818-9ACF-C6B74BD789A7}.Release|x86.ActiveCfg = Release|Win32
		{C0CB3616-ED4C-4818-9ACF-C6B74BD789A7}.Release|x86.Build.0 = Release|Win32
	EndGlobalSection
	GlobalSection(SolutionProperties) = preSolution
		HideSolutionNode = FALSE
	EndGlobalSection
	GlobalSection(ExtensibilityGlobals) = postSolution
		SolutionGuid = {C9D671DC-2C9C-4C0A-8E63-1BBD9C4D7047}
	EndGlobalSection
EndGlobal
